// !$*UTF8*$!
{
	archiveVersion = 1;
	classes = {
	};
	objectVersion = 46;
	objects = {

/* Begin PBXBuildFile section */
		6F174C01B04D0E00CA49BC6B /* Pods_HomeHunt.framework in Frameworks */ = {isa = PBXBuildFile; fileRef = DAE2E058C686CE56B0B21160 /* Pods_HomeHunt.framework */; };
		C803761C1E937138003A75FC /* ImageWithLoadingView.swift in Sources */ = {isa = PBXBuildFile; fileRef = C803761B1E937138003A75FC /* ImageWithLoadingView.swift */; };
		C803761E1E937902003A75FC /* ImageData.swift in Sources */ = {isa = PBXBuildFile; fileRef = C803761D1E937902003A75FC /* ImageData.swift */; };
		C80376201E9381CB003A75FC /* ImageDataDelegate.swift in Sources */ = {isa = PBXBuildFile; fileRef = C803761F1E9381CB003A75FC /* ImageDataDelegate.swift */; };
		C82745401EAE77F40034AA37 /* AddAttributes.swift in Sources */ = {isa = PBXBuildFile; fileRef = C827453F1EAE77F40034AA37 /* AddAttributes.swift */; };
		C82745421EAE7B7D0034AA37 /* AddAttributesMappings.swift in Sources */ = {isa = PBXBuildFile; fileRef = C82745411EAE7B7D0034AA37 /* AddAttributesMappings.swift */; };
		C831D0521E8FE2D800429D83 /* AppDelegate.swift in Sources */ = {isa = PBXBuildFile; fileRef = C831D0511E8FE2D800429D83 /* AppDelegate.swift */; };
		C831D0571E8FE2D800429D83 /* Main.storyboard in Resources */ = {isa = PBXBuildFile; fileRef = C831D0551E8FE2D800429D83 /* Main.storyboard */; };
		C831D05A1E8FE2D800429D83 /* HomeHunt.xcdatamodeld in Sources */ = {isa = PBXBuildFile; fileRef = C831D0581E8FE2D800429D83 /* HomeHunt.xcdatamodeld */; };
		C831D05C1E8FE2D800429D83 /* Assets.xcassets in Resources */ = {isa = PBXBuildFile; fileRef = C831D05B1E8FE2D800429D83 /* Assets.xcassets */; };
		C831D05F1E8FE2D800429D83 /* LaunchScreen.storyboard in Resources */ = {isa = PBXBuildFile; fileRef = C831D05D1E8FE2D800429D83 /* LaunchScreen.storyboard */; };
		C83A91571E90FF93009FED12 /* AgentTableViewCell.swift in Sources */ = {isa = PBXBuildFile; fileRef = C83A91551E90FF93009FED12 /* AgentTableViewCell.swift */; };
		C83A91581E90FF93009FED12 /* AgentTableViewCell.xib in Resources */ = {isa = PBXBuildFile; fileRef = C83A91561E90FF93009FED12 /* AgentTableViewCell.xib */; };
		C83A915A1E911AB8009FED12 /* AgentDetailsViewController.swift in Sources */ = {isa = PBXBuildFile; fileRef = C83A91591E911AB8009FED12 /* AgentDetailsViewController.swift */; };
		C83A915C1E911D88009FED12 /* BaseData.swift in Sources */ = {isa = PBXBuildFile; fileRef = C83A915B1E911D88009FED12 /* BaseData.swift */; };
		C83A91601E9130D7009FED12 /* Add.swift in Sources */ = {isa = PBXBuildFile; fileRef = C83A915F1E9130D7009FED12 /* Add.swift */; };
		C83A91621E9132B8009FED12 /* AddMappings.swift in Sources */ = {isa = PBXBuildFile; fileRef = C83A91611E9132B8009FED12 /* AddMappings.swift */; };
		C83A91641E914312009FED12 /* AddDataDelegate.swift in Sources */ = {isa = PBXBuildFile; fileRef = C83A91631E914312009FED12 /* AddDataDelegate.swift */; };
		C83A91661E91435F009FED12 /* AddData.swift in Sources */ = {isa = PBXBuildFile; fileRef = C83A91651E91435F009FED12 /* AddData.swift */; };
		C83A91691E91447C009FED12 /* AddsMasterViewController.swift in Sources */ = {isa = PBXBuildFile; fileRef = C83A91681E91447C009FED12 /* AddsMasterViewController.swift */; };
		C83A916B1E914610009FED12 /* AddDetailsViewController.swift in Sources */ = {isa = PBXBuildFile; fileRef = C83A916A1E914610009FED12 /* AddDetailsViewController.swift */; };
		C83A916E1E91479A009FED12 /* AddTableViewCell.swift in Sources */ = {isa = PBXBuildFile; fileRef = C83A916C1E91479A009FED12 /* AddTableViewCell.swift */; };
		C83A916F1E91479A009FED12 /* AddTableViewCell.xib in Resources */ = {isa = PBXBuildFile; fileRef = C83A916D1E91479A009FED12 /* AddTableViewCell.xib */; };
		C87BBE2C1E94161500C448A9 /* AppointmentDetailsViewController.swift in Sources */ = {isa = PBXBuildFile; fileRef = C87BBE2B1E94161500C448A9 /* AppointmentDetailsViewController.swift */; };
		C87BBE301E94243600C448A9 /* SubmitReviewViewController.swift in Sources */ = {isa = PBXBuildFile; fileRef = C87BBE2F1E94243600C448A9 /* SubmitReviewViewController.swift */; };
		C87BBE321E94287400C448A9 /* ReviewDataDelegate.swift in Sources */ = {isa = PBXBuildFile; fileRef = C87BBE311E94287400C448A9 /* ReviewDataDelegate.swift */; };
		C87BBE341E9428BC00C448A9 /* ReviewData.swift in Sources */ = {isa = PBXBuildFile; fileRef = C87BBE331E9428BC00C448A9 /* ReviewData.swift */; };
		C87BBE361E94290800C448A9 /* Review.swift in Sources */ = {isa = PBXBuildFile; fileRef = C87BBE351E94290800C448A9 /* Review.swift */; };
		C87BBE381E9429C000C448A9 /* ReviewMappings.swift in Sources */ = {isa = PBXBuildFile; fileRef = C87BBE371E9429C000C448A9 /* ReviewMappings.swift */; };
		C88E7D691E8FECB400081A18 /* LoginViewController.swift in Sources */ = {isa = PBXBuildFile; fileRef = C88E7D681E8FECB400081A18 /* LoginViewController.swift */; };
		C88E7D6B1E8FEEC000081A18 /* HomeViewController.swift in Sources */ = {isa = PBXBuildFile; fileRef = C88E7D6A1E8FEEC000081A18 /* HomeViewController.swift */; };
		C88E7D6D1E8FF7D100081A18 /* RegisterViewController.swift in Sources */ = {isa = PBXBuildFile; fileRef = C88E7D6C1E8FF7D100081A18 /* RegisterViewController.swift */; };
		C88E7D721E8FFCAB00081A18 /* User.swift in Sources */ = {isa = PBXBuildFile; fileRef = C88E7D711E8FFCAB00081A18 /* User.swift */; };
		C88E7D751E8FFD6300081A18 /* UserMappings.swift in Sources */ = {isa = PBXBuildFile; fileRef = C88E7D741E8FFD6300081A18 /* UserMappings.swift */; };
		C88E7D791E8FFE3100081A18 /* HttpRequesterBase.swift in Sources */ = {isa = PBXBuildFile; fileRef = C88E7D781E8FFE3100081A18 /* HttpRequesterBase.swift */; };
		C88E7D7B1E8FFE5E00081A18 /* HttpRequesterDelegate.swift in Sources */ = {isa = PBXBuildFile; fileRef = C88E7D7A1E8FFE5E00081A18 /* HttpRequesterDelegate.swift */; };
		C88E7D7D1E8FFEAD00081A18 /* HttpCRUDMethod.swift in Sources */ = {isa = PBXBuildFile; fileRef = C88E7D7C1E8FFEAD00081A18 /* HttpCRUDMethod.swift */; };
		C88E7D7F1E8FFED400081A18 /* HttpRequester.swift in Sources */ = {isa = PBXBuildFile; fileRef = C88E7D7E1E8FFED400081A18 /* HttpRequester.swift */; };
		C88E7D851E90021700081A18 /* UsersData.swift in Sources */ = {isa = PBXBuildFile; fileRef = C88E7D841E90021700081A18 /* UsersData.swift */; };
		C88E7D871E90036400081A18 /* UsersDataDelegate.swift in Sources */ = {isa = PBXBuildFile; fileRef = C88E7D861E90036400081A18 /* UsersDataDelegate.swift */; };
		C88E7D8A1E900C1200081A18 /* UsersDataIdentifiers.swift in Sources */ = {isa = PBXBuildFile; fileRef = C88E7D891E900C1200081A18 /* UsersDataIdentifiers.swift */; };
		C88E7D8C1E9010E800081A18 /* DiConfig.swift in Sources */ = {isa = PBXBuildFile; fileRef = C88E7D8B1E9010E800081A18 /* DiConfig.swift */; };
		C899B5521E90D04F00B7B748 /* ApiAuthenticationExtension.swift in Sources */ = {isa = PBXBuildFile; fileRef = C899B5511E90D04F00B7B748 /* ApiAuthenticationExtension.swift */; };
		C899B5561E90D80A00B7B748 /* AgentsMasterViewController.swift in Sources */ = {isa = PBXBuildFile; fileRef = C899B5551E90D80A00B7B748 /* AgentsMasterViewController.swift */; };
		C899B5581E90D8B100B7B748 /* Agent.swift in Sources */ = {isa = PBXBuildFile; fileRef = C899B5571E90D8B100B7B748 /* Agent.swift */; };
		C899B55A1E90DA5A00B7B748 /* AgentMappings.swift in Sources */ = {isa = PBXBuildFile; fileRef = C899B5591E90DA5A00B7B748 /* AgentMappings.swift */; };
		C899B55C1E90DCD300B7B748 /* AgentsDatadelegate.swift in Sources */ = {isa = PBXBuildFile; fileRef = C899B55B1E90DCD300B7B748 /* AgentsDatadelegate.swift */; };
		C899B5601E90DD9500B7B748 /* AgentsData.swift in Sources */ = {isa = PBXBuildFile; fileRef = C899B55F1E90DD9500B7B748 /* AgentsData.swift */; };
		C899B5621E90E9DF00B7B748 /* ApiError.swift in Sources */ = {isa = PBXBuildFile; fileRef = C899B5611E90E9DF00B7B748 /* ApiError.swift */; };
		C899B5641E90EA8600B7B748 /* ApiErrorMappings.swift in Sources */ = {isa = PBXBuildFile; fileRef = C899B5631E90EA8600B7B748 /* ApiErrorMappings.swift */; };
		C8E7326B1E9174D7001C1753 /* StatusColorHelper.swift in Sources */ = {isa = PBXBuildFile; fileRef = C8E7326A1E9174D7001C1753 /* StatusColorHelper.swift */; };
		C8EA07EE1E90BFEB00D0535B /* UIViewExtension.swift in Sources */ = {isa = PBXBuildFile; fileRef = C8EA07ED1E90BFEB00D0535B /* UIViewExtension.swift */; };
		C8F12D511E93F81800FDE497 /* CreateAppointmentViewController.swift in Sources */ = {isa = PBXBuildFile; fileRef = C8F12D501E93F81800FDE497 /* CreateAppointmentViewController.swift */; };
		C8F12D531E93FCFC00FDE497 /* AppointmentDataDelegate.swift in Sources */ = {isa = PBXBuildFile; fileRef = C8F12D521E93FCFC00FDE497 /* AppointmentDataDelegate.swift */; };
		C8F12D551E93FD4E00FDE497 /* AppointmentData.swift in Sources */ = {isa = PBXBuildFile; fileRef = C8F12D541E93FD4E00FDE497 /* AppointmentData.swift */; };
		C8F12D571E93FDD900FDE497 /* Appointment.swift in Sources */ = {isa = PBXBuildFile; fileRef = C8F12D561E93FDD900FDE497 /* Appointment.swift */; };
		C8F12D591E93FEE800FDE497 /* AppointmentMappings.swift in Sources */ = {isa = PBXBuildFile; fileRef = C8F12D581E93FEE800FDE497 /* AppointmentMappings.swift */; };
		C8F12D5B1E940AD300FDE497 /* AppointmentsMasterViewController.swift in Sources */ = {isa = PBXBuildFile; fileRef = C8F12D5A1E940AD300FDE497 /* AppointmentsMasterViewController.swift */; };
		C8F868F31EAD355200A55EB2 /* DirectionHelper.swift in Sources */ = {isa = PBXBuildFile; fileRef = C8F868F21EAD355200A55EB2 /* DirectionHelper.swift */; };
		C8FB49A11E97625700CB6ADA /* DateHelper.swift in Sources */ = {isa = PBXBuildFile; fileRef = C8FB49A01E97625700CB6ADA /* DateHelper.swift */; };
/* End PBXBuildFile section */

/* Begin PBXFileReference section */
		3CDA4CCBE4FCD90C2A15AD17 /* Pods-HomeHunt.release.xcconfig */ = {isa = PBXFileReference; includeInIndex = 1; lastKnownFileType = text.xcconfig; name = "Pods-HomeHunt.release.xcconfig"; path = "Pods/Target Support Files/Pods-HomeHunt/Pods-HomeHunt.release.xcconfig"; sourceTree = "<group>"; };
		C803761B1E937138003A75FC /* ImageWithLoadingView.swift */ = {isa = PBXFileReference; fileEncoding = 4; lastKnownFileType = sourcecode.swift; name = ImageWithLoadingView.swift; path = Views/ImageWithLoadingView.swift; sourceTree = "<group>"; };
		C803761D1E937902003A75FC /* ImageData.swift */ = {isa = PBXFileReference; fileEncoding = 4; lastKnownFileType = sourcecode.swift; name = ImageData.swift; path = Data/ImageData.swift; sourceTree = "<group>"; };
		C803761F1E9381CB003A75FC /* ImageDataDelegate.swift */ = {isa = PBXFileReference; fileEncoding = 4; lastKnownFileType = sourcecode.swift; name = ImageDataDelegate.swift; path = Data/Delegates/ImageDataDelegate.swift; sourceTree = "<group>"; };
		C827453F1EAE77F40034AA37 /* AddAttributes.swift */ = {isa = PBXFileReference; fileEncoding = 4; lastKnownFileType = sourcecode.swift; name = AddAttributes.swift; path = Models/AddAttributes.swift; sourceTree = "<group>"; };
		C82745411EAE7B7D0034AA37 /* AddAttributesMappings.swift */ = {isa = PBXFileReference; fileEncoding = 4; lastKnownFileType = sourcecode.swift; name = AddAttributesMappings.swift; path = Models/Extensions/AddAttributesMappings.swift; sourceTree = "<group>"; };
		C831D04E1E8FE2D800429D83 /* HomeHunt.app */ = {isa = PBXFileReference; explicitFileType = wrapper.application; includeInIndex = 0; path = HomeHunt.app; sourceTree = BUILT_PRODUCTS_DIR; };
		C831D0511E8FE2D800429D83 /* AppDelegate.swift */ = {isa = PBXFileReference; lastKnownFileType = sourcecode.swift; path = AppDelegate.swift; sourceTree = "<group>"; };
		C831D0561E8FE2D800429D83 /* Base */ = {isa = PBXFileReference; lastKnownFileType = file.storyboard; name = Base; path = Base.lproj/Main.storyboard; sourceTree = "<group>"; };
		C831D0591E8FE2D800429D83 /* HomeHunt.xcdatamodel */ = {isa = PBXFileReference; lastKnownFileType = wrapper.xcdatamodel; path = HomeHunt.xcdatamodel; sourceTree = "<group>"; };
		C831D05B1E8FE2D800429D83 /* Assets.xcassets */ = {isa = PBXFileReference; lastKnownFileType = folder.assetcatalog; path = Assets.xcassets; sourceTree = "<group>"; };
		C831D05E1E8FE2D800429D83 /* Base */ = {isa = PBXFileReference; lastKnownFileType = file.storyboard; name = Base; path = Base.lproj/LaunchScreen.storyboard; sourceTree = "<group>"; };
		C831D0601E8FE2D800429D83 /* Info.plist */ = {isa = PBXFileReference; lastKnownFileType = text.plist.xml; path = Info.plist; sourceTree = "<group>"; };
		C83A91551E90FF93009FED12 /* AgentTableViewCell.swift */ = {isa = PBXFileReference; fileEncoding = 4; lastKnownFileType = sourcecode.swift; name = AgentTableViewCell.swift; path = Views/AgentTableViewCell.swift; sourceTree = "<group>"; };
		C83A91561E90FF93009FED12 /* AgentTableViewCell.xib */ = {isa = PBXFileReference; fileEncoding = 4; lastKnownFileType = file.xib; name = AgentTableViewCell.xib; path = Views/AgentTableViewCell.xib; sourceTree = "<group>"; };
		C83A91591E911AB8009FED12 /* AgentDetailsViewController.swift */ = {isa = PBXFileReference; fileEncoding = 4; lastKnownFileType = sourcecode.swift; name = AgentDetailsViewController.swift; path = ViewControllers/Agents/AgentDetailsViewController.swift; sourceTree = "<group>"; };
		C83A915B1E911D88009FED12 /* BaseData.swift */ = {isa = PBXFileReference; fileEncoding = 4; lastKnownFileType = sourcecode.swift; name = BaseData.swift; path = Data/BaseData.swift; sourceTree = "<group>"; };
		C83A915F1E9130D7009FED12 /* Add.swift */ = {isa = PBXFileReference; fileEncoding = 4; lastKnownFileType = sourcecode.swift; name = Add.swift; path = Models/Add.swift; sourceTree = "<group>"; };
		C83A91611E9132B8009FED12 /* AddMappings.swift */ = {isa = PBXFileReference; fileEncoding = 4; lastKnownFileType = sourcecode.swift; name = AddMappings.swift; path = Models/Extensions/AddMappings.swift; sourceTree = "<group>"; };
		C83A91631E914312009FED12 /* AddDataDelegate.swift */ = {isa = PBXFileReference; fileEncoding = 4; lastKnownFileType = sourcecode.swift; name = AddDataDelegate.swift; path = Data/Delegates/AddDataDelegate.swift; sourceTree = "<group>"; };
		C83A91651E91435F009FED12 /* AddData.swift */ = {isa = PBXFileReference; fileEncoding = 4; lastKnownFileType = sourcecode.swift; name = AddData.swift; path = Data/AddData.swift; sourceTree = "<group>"; };
		C83A91681E91447C009FED12 /* AddsMasterViewController.swift */ = {isa = PBXFileReference; fileEncoding = 4; lastKnownFileType = sourcecode.swift; name = AddsMasterViewController.swift; path = ViewControllers/Adds/AddsMasterViewController.swift; sourceTree = "<group>"; };
		C83A916A1E914610009FED12 /* AddDetailsViewController.swift */ = {isa = PBXFileReference; fileEncoding = 4; lastKnownFileType = sourcecode.swift; name = AddDetailsViewController.swift; path = ViewControllers/Adds/AddDetailsViewController.swift; sourceTree = "<group>"; };
		C83A916C1E91479A009FED12 /* AddTableViewCell.swift */ = {isa = PBXFileReference; fileEncoding = 4; lastKnownFileType = sourcecode.swift; name = AddTableViewCell.swift; path = Views/AddTableViewCell.swift; sourceTree = "<group>"; };
		C83A916D1E91479A009FED12 /* AddTableViewCell.xib */ = {isa = PBXFileReference; fileEncoding = 4; lastKnownFileType = file.xib; name = AddTableViewCell.xib; path = Views/AddTableViewCell.xib; sourceTree = "<group>"; };
		C87BBE2B1E94161500C448A9 /* AppointmentDetailsViewController.swift */ = {isa = PBXFileReference; fileEncoding = 4; lastKnownFileType = sourcecode.swift; name = AppointmentDetailsViewController.swift; path = ViewControllers/Appointments/AppointmentDetailsViewController.swift; sourceTree = "<group>"; };
		C87BBE2F1E94243600C448A9 /* SubmitReviewViewController.swift */ = {isa = PBXFileReference; fileEncoding = 4; lastKnownFileType = sourcecode.swift; name = SubmitReviewViewController.swift; path = ViewControllers/Appointments/SubmitReviewViewController.swift; sourceTree = "<group>"; };
		C87BBE311E94287400C448A9 /* ReviewDataDelegate.swift */ = {isa = PBXFileReference; fileEncoding = 4; lastKnownFileType = sourcecode.swift; name = ReviewDataDelegate.swift; path = Data/Delegates/ReviewDataDelegate.swift; sourceTree = "<group>"; };
		C87BBE331E9428BC00C448A9 /* ReviewData.swift */ = {isa = PBXFileReference; fileEncoding = 4; lastKnownFileType = sourcecode.swift; name = ReviewData.swift; path = Data/ReviewData.swift; sourceTree = "<group>"; };
		C87BBE351E94290800C448A9 /* Review.swift */ = {isa = PBXFileReference; fileEncoding = 4; lastKnownFileType = sourcecode.swift; name = Review.swift; path = Models/Review.swift; sourceTree = "<group>"; };
		C87BBE371E9429C000C448A9 /* ReviewMappings.swift */ = {isa = PBXFileReference; fileEncoding = 4; lastKnownFileType = sourcecode.swift; name = ReviewMappings.swift; path = Models/Extensions/ReviewMappings.swift; sourceTree = "<group>"; };
		C88E7D681E8FECB400081A18 /* LoginViewController.swift */ = {isa = PBXFileReference; fileEncoding = 4; lastKnownFileType = sourcecode.swift; name = LoginViewController.swift; path = ViewControllers/LoginViewController.swift; sourceTree = "<group>"; };
		C88E7D6A1E8FEEC000081A18 /* HomeViewController.swift */ = {isa = PBXFileReference; fileEncoding = 4; lastKnownFileType = sourcecode.swift; name = HomeViewController.swift; path = ViewControllers/HomeViewController.swift; sourceTree = "<group>"; };
		C88E7D6C1E8FF7D100081A18 /* RegisterViewController.swift */ = {isa = PBXFileReference; fileEncoding = 4; lastKnownFileType = sourcecode.swift; name = RegisterViewController.swift; path = ViewControllers/RegisterViewController.swift; sourceTree = "<group>"; };
		C88E7D711E8FFCAB00081A18 /* User.swift */ = {isa = PBXFileReference; fileEncoding = 4; lastKnownFileType = sourcecode.swift; name = User.swift; path = Models/User.swift; sourceTree = "<group>"; };
		C88E7D741E8FFD6300081A18 /* UserMappings.swift */ = {isa = PBXFileReference; fileEncoding = 4; lastKnownFileType = sourcecode.swift; name = UserMappings.swift; path = Models/Extensions/UserMappings.swift; sourceTree = "<group>"; };
		C88E7D781E8FFE3100081A18 /* HttpRequesterBase.swift */ = {isa = PBXFileReference; fileEncoding = 4; lastKnownFileType = sourcecode.swift; name = HttpRequesterBase.swift; path = Http/HttpRequesterBase.swift; sourceTree = "<group>"; };
		C88E7D7A1E8FFE5E00081A18 /* HttpRequesterDelegate.swift */ = {isa = PBXFileReference; fileEncoding = 4; lastKnownFileType = sourcecode.swift; name = HttpRequesterDelegate.swift; path = Http/HttpRequesterDelegate.swift; sourceTree = "<group>"; };
		C88E7D7C1E8FFEAD00081A18 /* HttpCRUDMethod.swift */ = {isa = PBXFileReference; fileEncoding = 4; lastKnownFileType = sourcecode.swift; name = HttpCRUDMethod.swift; path = Http/HttpCRUDMethod.swift; sourceTree = "<group>"; };
		C88E7D7E1E8FFED400081A18 /* HttpRequester.swift */ = {isa = PBXFileReference; fileEncoding = 4; lastKnownFileType = sourcecode.swift; name = HttpRequester.swift; path = Http/HttpRequester.swift; sourceTree = "<group>"; };
		C88E7D841E90021700081A18 /* UsersData.swift */ = {isa = PBXFileReference; fileEncoding = 4; lastKnownFileType = sourcecode.swift; name = UsersData.swift; path = Data/UsersData.swift; sourceTree = "<group>"; };
		C88E7D861E90036400081A18 /* UsersDataDelegate.swift */ = {isa = PBXFileReference; fileEncoding = 4; lastKnownFileType = sourcecode.swift; name = UsersDataDelegate.swift; path = Data/Delegates/UsersDataDelegate.swift; sourceTree = "<group>"; };
		C88E7D891E900C1200081A18 /* UsersDataIdentifiers.swift */ = {isa = PBXFileReference; fileEncoding = 4; lastKnownFileType = sourcecode.swift; name = UsersDataIdentifiers.swift; path = Data/Identifiers/UsersDataIdentifiers.swift; sourceTree = "<group>"; };
		C88E7D8B1E9010E800081A18 /* DiConfig.swift */ = {isa = PBXFileReference; fileEncoding = 4; lastKnownFileType = sourcecode.swift; path = DiConfig.swift; sourceTree = "<group>"; };
		C899B5511E90D04F00B7B748 /* ApiAuthenticationExtension.swift */ = {isa = PBXFileReference; fileEncoding = 4; lastKnownFileType = sourcecode.swift; name = ApiAuthenticationExtension.swift; path = Extensions/CoreData/ApiAuthenticationExtension.swift; sourceTree = "<group>"; };
		C899B5551E90D80A00B7B748 /* AgentsMasterViewController.swift */ = {isa = PBXFileReference; fileEncoding = 4; lastKnownFileType = sourcecode.swift; name = AgentsMasterViewController.swift; path = ViewControllers/Agents/AgentsMasterViewController.swift; sourceTree = "<group>"; };
		C899B5571E90D8B100B7B748 /* Agent.swift */ = {isa = PBXFileReference; fileEncoding = 4; lastKnownFileType = sourcecode.swift; name = Agent.swift; path = Models/Agent.swift; sourceTree = "<group>"; };
		C899B5591E90DA5A00B7B748 /* AgentMappings.swift */ = {isa = PBXFileReference; fileEncoding = 4; lastKnownFileType = sourcecode.swift; name = AgentMappings.swift; path = Models/Extensions/AgentMappings.swift; sourceTree = "<group>"; };
		C899B55B1E90DCD300B7B748 /* AgentsDatadelegate.swift */ = {isa = PBXFileReference; fileEncoding = 4; lastKnownFileType = sourcecode.swift; name = AgentsDatadelegate.swift; path = Data/Delegates/AgentsDatadelegate.swift; sourceTree = "<group>"; };
		C899B55F1E90DD9500B7B748 /* AgentsData.swift */ = {isa = PBXFileReference; fileEncoding = 4; lastKnownFileType = sourcecode.swift; name = AgentsData.swift; path = Data/AgentsData.swift; sourceTree = "<group>"; };
		C899B5611E90E9DF00B7B748 /* ApiError.swift */ = {isa = PBXFileReference; fileEncoding = 4; lastKnownFileType = sourcecode.swift; name = ApiError.swift; path = Models/ApiError.swift; sourceTree = "<group>"; };
		C899B5631E90EA8600B7B748 /* ApiErrorMappings.swift */ = {isa = PBXFileReference; fileEncoding = 4; lastKnownFileType = sourcecode.swift; name = ApiErrorMappings.swift; path = Models/Extensions/ApiErrorMappings.swift; sourceTree = "<group>"; };
		C8E7326A1E9174D7001C1753 /* StatusColorHelper.swift */ = {isa = PBXFileReference; fileEncoding = 4; lastKnownFileType = sourcecode.swift; name = StatusColorHelper.swift; path = Extensions/StatusColorHelper.swift; sourceTree = "<group>"; };
		C8EA07ED1E90BFEB00D0535B /* UIViewExtension.swift */ = {isa = PBXFileReference; fileEncoding = 4; lastKnownFileType = sourcecode.swift; path = UIViewExtension.swift; sourceTree = "<group>"; };
		C8F12D501E93F81800FDE497 /* CreateAppointmentViewController.swift */ = {isa = PBXFileReference; fileEncoding = 4; lastKnownFileType = sourcecode.swift; name = CreateAppointmentViewController.swift; path = ViewControllers/Appointments/CreateAppointmentViewController.swift; sourceTree = "<group>"; };
		C8F12D521E93FCFC00FDE497 /* AppointmentDataDelegate.swift */ = {isa = PBXFileReference; fileEncoding = 4; lastKnownFileType = sourcecode.swift; name = AppointmentDataDelegate.swift; path = Data/Delegates/AppointmentDataDelegate.swift; sourceTree = "<group>"; };
		C8F12D541E93FD4E00FDE497 /* AppointmentData.swift */ = {isa = PBXFileReference; fileEncoding = 4; lastKnownFileType = sourcecode.swift; name = AppointmentData.swift; path = Data/AppointmentData.swift; sourceTree = "<group>"; };
		C8F12D561E93FDD900FDE497 /* Appointment.swift */ = {isa = PBXFileReference; fileEncoding = 4; lastKnownFileType = sourcecode.swift; name = Appointment.swift; path = Models/Appointment.swift; sourceTree = "<group>"; };
		C8F12D581E93FEE800FDE497 /* AppointmentMappings.swift */ = {isa = PBXFileReference; fileEncoding = 4; lastKnownFileType = sourcecode.swift; name = AppointmentMappings.swift; path = Models/Extensions/AppointmentMappings.swift; sourceTree = "<group>"; };
		C8F12D5A1E940AD300FDE497 /* AppointmentsMasterViewController.swift */ = {isa = PBXFileReference; fileEncoding = 4; lastKnownFileType = sourcecode.swift; name = AppointmentsMasterViewController.swift; path = ViewControllers/Appointments/AppointmentsMasterViewController.swift; sourceTree = "<group>"; };
		C8F868F21EAD355200A55EB2 /* DirectionHelper.swift */ = {isa = PBXFileReference; fileEncoding = 4; lastKnownFileType = sourcecode.swift; name = DirectionHelper.swift; path = Extensions/DirectionHelper.swift; sourceTree = "<group>"; };
		C8FB49A01E97625700CB6ADA /* DateHelper.swift */ = {isa = PBXFileReference; fileEncoding = 4; lastKnownFileType = sourcecode.swift; name = DateHelper.swift; path = Extensions/DateHelper.swift; sourceTree = "<group>"; };
		D775CCBFCC71051DD6C097BC /* Pods-HomeHunt.debug.xcconfig */ = {isa = PBXFileReference; includeInIndex = 1; lastKnownFileType = text.xcconfig; name = "Pods-HomeHunt.debug.xcconfig"; path = "Pods/Target Support Files/Pods-HomeHunt/Pods-HomeHunt.debug.xcconfig"; sourceTree = "<group>"; };
		DAE2E058C686CE56B0B21160 /* Pods_HomeHunt.framework */ = {isa = PBXFileReference; explicitFileType = wrapper.framework; includeInIndex = 0; path = Pods_HomeHunt.framework; sourceTree = BUILT_PRODUCTS_DIR; };
/* End PBXFileReference section */

/* Begin PBXFrameworksBuildPhase section */
		C831D04B1E8FE2D800429D83 /* Frameworks */ = {
			isa = PBXFrameworksBuildPhase;
			buildActionMask = 2147483647;
			files = (
				6F174C01B04D0E00CA49BC6B /* Pods_HomeHunt.framework in Frameworks */,
			);
			runOnlyForDeploymentPostprocessing = 0;
		};
/* End PBXFrameworksBuildPhase section */

/* Begin PBXGroup section */
		BFD6F28843960DBD2DC5D13F /* Pods */ = {
			isa = PBXGroup;
			children = (
				D775CCBFCC71051DD6C097BC /* Pods-HomeHunt.debug.xcconfig */,
				3CDA4CCBE4FCD90C2A15AD17 /* Pods-HomeHunt.release.xcconfig */,
			);
			name = Pods;
			sourceTree = "<group>";
		};
		C52365FBD0E47913CCA7F6DE /* Frameworks */ = {
			isa = PBXGroup;
			children = (
				DAE2E058C686CE56B0B21160 /* Pods_HomeHunt.framework */,
			);
			name = Frameworks;
			sourceTree = "<group>";
		};
		C831D0451E8FE2D800429D83 = {
			isa = PBXGroup;
			children = (
				C831D0501E8FE2D800429D83 /* HomeHunt */,
				C831D04F1E8FE2D800429D83 /* Products */,
				BFD6F28843960DBD2DC5D13F /* Pods */,
				C52365FBD0E47913CCA7F6DE /* Frameworks */,
			);
			sourceTree = "<group>";
		};
		C831D04F1E8FE2D800429D83 /* Products */ = {
			isa = PBXGroup;
			children = (
				C831D04E1E8FE2D800429D83 /* HomeHunt.app */,
			);
			name = Products;
			sourceTree = "<group>";
		};
		C831D0501E8FE2D800429D83 /* HomeHunt */ = {
			isa = PBXGroup;
			children = (
				C899B5501E90D01700B7B748 /* Extensions */,
				C88E7D6E1E8FFC8600081A18 /* Models */,
				C88E7D801E90016D00081A18 /* Data */,
				C88E7D671E8FEC3900081A18 /* ViewControllers */,
				C83A91541E90FD6F009FED12 /* Views */,
				C88E7D771E8FFE1200081A18 /* Http */,
				C831D0511E8FE2D800429D83 /* AppDelegate.swift */,
				C88E7D8B1E9010E800081A18 /* DiConfig.swift */,
				C831D0551E8FE2D800429D83 /* Main.storyboard */,
				C831D05B1E8FE2D800429D83 /* Assets.xcassets */,
				C831D05D1E8FE2D800429D83 /* LaunchScreen.storyboard */,
				C831D0601E8FE2D800429D83 /* Info.plist */,
				C831D0581E8FE2D800429D83 /* HomeHunt.xcdatamodeld */,
			);
			path = HomeHunt;
			sourceTree = "<group>";
		};
		C83A91541E90FD6F009FED12 /* Views */ = {
			isa = PBXGroup;
			children = (
				C83A91551E90FF93009FED12 /* AgentTableViewCell.swift */,
				C83A91561E90FF93009FED12 /* AgentTableViewCell.xib */,
				C83A916C1E91479A009FED12 /* AddTableViewCell.swift */,
				C83A916D1E91479A009FED12 /* AddTableViewCell.xib */,
				C803761B1E937138003A75FC /* ImageWithLoadingView.swift */,
			);
			name = Views;
			sourceTree = "<group>";
		};
		C83A91671E914458009FED12 /* Adds */ = {
			isa = PBXGroup;
			children = (
				C83A91681E91447C009FED12 /* AddsMasterViewController.swift */,
				C83A916A1E914610009FED12 /* AddDetailsViewController.swift */,
			);
			name = Adds;
			sourceTree = "<group>";
		};
		C88E7D671E8FEC3900081A18 /* ViewControllers */ = {
			isa = PBXGroup;
			children = (
				C8F12D4F1E93F7E100FDE497 /* Appointments */,
				C83A91671E914458009FED12 /* Adds */,
				C899B5541E90D7BC00B7B748 /* Agents */,
				C88E7D681E8FECB400081A18 /* LoginViewController.swift */,
				C88E7D6A1E8FEEC000081A18 /* HomeViewController.swift */,
				C88E7D6C1E8FF7D100081A18 /* RegisterViewController.swift */,
			);
			name = ViewControllers;
			sourceTree = "<group>";
		};
		C88E7D6E1E8FFC8600081A18 /* Models */ = {
			isa = PBXGroup;
			children = (
				C88E7D731E8FFD0F00081A18 /* Extensions */,
				C88E7D711E8FFCAB00081A18 /* User.swift */,
				C899B5571E90D8B100B7B748 /* Agent.swift */,
				C899B5611E90E9DF00B7B748 /* ApiError.swift */,
				C83A915F1E9130D7009FED12 /* Add.swift */,
				C8F12D561E93FDD900FDE497 /* Appointment.swift */,
				C87BBE351E94290800C448A9 /* Review.swift */,
				C827453F1EAE77F40034AA37 /* AddAttributes.swift */,
			);
			name = Models;
			sourceTree = "<group>";
		};
		C88E7D731E8FFD0F00081A18 /* Extensions */ = {
			isa = PBXGroup;
			children = (
				C88E7D741E8FFD6300081A18 /* UserMappings.swift */,
				C899B5591E90DA5A00B7B748 /* AgentMappings.swift */,
				C899B5631E90EA8600B7B748 /* ApiErrorMappings.swift */,
				C83A91611E9132B8009FED12 /* AddMappings.swift */,
				C8F12D581E93FEE800FDE497 /* AppointmentMappings.swift */,
				C87BBE371E9429C000C448A9 /* ReviewMappings.swift */,
				C82745411EAE7B7D0034AA37 /* AddAttributesMappings.swift */,
			);
			name = Extensions;
			sourceTree = "<group>";
		};
		C88E7D771E8FFE1200081A18 /* Http */ = {
			isa = PBXGroup;
			children = (
				C88E7D781E8FFE3100081A18 /* HttpRequesterBase.swift */,
				C88E7D7A1E8FFE5E00081A18 /* HttpRequesterDelegate.swift */,
				C88E7D7C1E8FFEAD00081A18 /* HttpCRUDMethod.swift */,
				C88E7D7E1E8FFED400081A18 /* HttpRequester.swift */,
			);
			name = Http;
			sourceTree = "<group>";
		};
		C88E7D801E90016D00081A18 /* Data */ = {
			isa = PBXGroup;
			children = (
				C88E7D881E900BF600081A18 /* Identifiers */,
				C88E7D811E90018600081A18 /* Delegates */,
				C83A915B1E911D88009FED12 /* BaseData.swift */,
				C88E7D841E90021700081A18 /* UsersData.swift */,
				C899B55F1E90DD9500B7B748 /* AgentsData.swift */,
				C83A91651E91435F009FED12 /* AddData.swift */,
				C803761D1E937902003A75FC /* ImageData.swift */,
				C8F12D541E93FD4E00FDE497 /* AppointmentData.swift */,
				C87BBE331E9428BC00C448A9 /* ReviewData.swift */,
			);
			name = Data;
			sourceTree = "<group>";
		};
		C88E7D811E90018600081A18 /* Delegates */ = {
			isa = PBXGroup;
			children = (
				C88E7D861E90036400081A18 /* UsersDataDelegate.swift */,
				C899B55B1E90DCD300B7B748 /* AgentsDatadelegate.swift */,
				C83A91631E914312009FED12 /* AddDataDelegate.swift */,
				C803761F1E9381CB003A75FC /* ImageDataDelegate.swift */,
				C8F12D521E93FCFC00FDE497 /* AppointmentDataDelegate.swift */,
				C87BBE311E94287400C448A9 /* ReviewDataDelegate.swift */,
			);
			name = Delegates;
			sourceTree = "<group>";
		};
		C88E7D881E900BF600081A18 /* Identifiers */ = {
			isa = PBXGroup;
			children = (
				C88E7D891E900C1200081A18 /* UsersDataIdentifiers.swift */,
			);
			name = Identifiers;
			sourceTree = "<group>";
		};
		C899B5501E90D01700B7B748 /* Extensions */ = {
			isa = PBXGroup;
			children = (
				C899B5531E90D05500B7B748 /* CoreData */,
				C8EA07ED1E90BFEB00D0535B /* UIViewExtension.swift */,
				C8E7326A1E9174D7001C1753 /* StatusColorHelper.swift */,
				C8FB49A01E97625700CB6ADA /* DateHelper.swift */,
				C8F868F21EAD355200A55EB2 /* DirectionHelper.swift */,
			);
			name = Extensions;
			sourceTree = "<group>";
		};
		C899B5531E90D05500B7B748 /* CoreData */ = {
			isa = PBXGroup;
			children = (
				C899B5511E90D04F00B7B748 /* ApiAuthenticationExtension.swift */,
			);
			name = CoreData;
			sourceTree = "<group>";
		};
		C899B5541E90D7BC00B7B748 /* Agents */ = {
			isa = PBXGroup;
			children = (
				C899B5551E90D80A00B7B748 /* AgentsMasterViewController.swift */,
				C83A91591E911AB8009FED12 /* AgentDetailsViewController.swift */,
			);
			name = Agents;
			sourceTree = "<group>";
		};
		C8F12D4F1E93F7E100FDE497 /* Appointments */ = {
			isa = PBXGroup;
			children = (
				C8F12D501E93F81800FDE497 /* CreateAppointmentViewController.swift */,
				C8F12D5A1E940AD300FDE497 /* AppointmentsMasterViewController.swift */,
				C87BBE2B1E94161500C448A9 /* AppointmentDetailsViewController.swift */,
				C87BBE2F1E94243600C448A9 /* SubmitReviewViewController.swift */,
			);
			name = Appointments;
			sourceTree = "<group>";
		};
/* End PBXGroup section */

/* Begin PBXNativeTarget section */
		C831D04D1E8FE2D800429D83 /* HomeHunt */ = {
			isa = PBXNativeTarget;
			buildConfigurationList = C831D0631E8FE2D800429D83 /* Build configuration list for PBXNativeTarget "HomeHunt" */;
			buildPhases = (
				8C40E1EC564170E738BEC9E9 /* [CP] Check Pods Manifest.lock */,
				C831D04A1E8FE2D800429D83 /* Sources */,
				C831D04B1E8FE2D800429D83 /* Frameworks */,
				C831D04C1E8FE2D800429D83 /* Resources */,
				8D78ED9AC7271A85C6855201 /* [CP] Embed Pods Frameworks */,
				FE3CDD10CD3174E26106C34C /* [CP] Copy Pods Resources */,
			);
			buildRules = (
			);
			dependencies = (
			);
			name = HomeHunt;
			productName = HomeHunt;
			productReference = C831D04E1E8FE2D800429D83 /* HomeHunt.app */;
			productType = "com.apple.product-type.application";
		};
/* End PBXNativeTarget section */

/* Begin PBXProject section */
		C831D0461E8FE2D800429D83 /* Project object */ = {
			isa = PBXProject;
			attributes = {
				LastSwiftUpdateCheck = 0820;
				LastUpgradeCheck = 0820;
				ORGANIZATIONNAME = SP;
				TargetAttributes = {
					C831D04D1E8FE2D800429D83 = {
						CreatedOnToolsVersion = 8.2.1;
						DevelopmentTeam = E83YJ5RCHK;
						ProvisioningStyle = Automatic;
					};
				};
			};
			buildConfigurationList = C831D0491E8FE2D800429D83 /* Build configuration list for PBXProject "HomeHunt" */;
			compatibilityVersion = "Xcode 3.2";
			developmentRegion = English;
			hasScannedForEncodings = 0;
			knownRegions = (
				en,
				Base,
			);
			mainGroup = C831D0451E8FE2D800429D83;
			productRefGroup = C831D04F1E8FE2D800429D83 /* Products */;
			projectDirPath = "";
			projectRoot = "";
			targets = (
				C831D04D1E8FE2D800429D83 /* HomeHunt */,
			);
		};
/* End PBXProject section */

/* Begin PBXResourcesBuildPhase section */
		C831D04C1E8FE2D800429D83 /* Resources */ = {
			isa = PBXResourcesBuildPhase;
			buildActionMask = 2147483647;
			files = (
				C831D05F1E8FE2D800429D83 /* LaunchScreen.storyboard in Resources */,
				C83A916F1E91479A009FED12 /* AddTableViewCell.xib in Resources */,
				C83A91581E90FF93009FED12 /* AgentTableViewCell.xib in Resources */,
				C831D05C1E8FE2D800429D83 /* Assets.xcassets in Resources */,
				C831D0571E8FE2D800429D83 /* Main.storyboard in Resources */,
			);
			runOnlyForDeploymentPostprocessing = 0;
		};
/* End PBXResourcesBuildPhase section */

/* Begin PBXShellScriptBuildPhase section */
		8C40E1EC564170E738BEC9E9 /* [CP] Check Pods Manifest.lock */ = {
			isa = PBXShellScriptBuildPhase;
			buildActionMask = 2147483647;
			files = (
			);
			inputPaths = (
			);
			name = "[CP] Check Pods Manifest.lock";
			outputPaths = (
			);
			runOnlyForDeploymentPostprocessing = 0;
			shellPath = /bin/sh;
			shellScript = "diff \"${PODS_ROOT}/../Podfile.lock\" \"${PODS_ROOT}/Manifest.lock\" > /dev/null\nif [ $? != 0 ] ; then\n    # print error to STDERR\n    echo \"error: The sandbox is not in sync with the Podfile.lock. Run 'pod install' or update your CocoaPods installation.\" >&2\n    exit 1\nfi\n";
			showEnvVarsInLog = 0;
		};
		8D78ED9AC7271A85C6855201 /* [CP] Embed Pods Frameworks */ = {
			isa = PBXShellScriptBuildPhase;
			buildActionMask = 2147483647;
			files = (
			);
			inputPaths = (
			);
			name = "[CP] Embed Pods Frameworks";
			outputPaths = (
			);
			runOnlyForDeploymentPostprocessing = 0;
			shellPath = /bin/sh;
			shellScript = "\"${SRCROOT}/Pods/Target Support Files/Pods-HomeHunt/Pods-HomeHunt-frameworks.sh\"\n";
			showEnvVarsInLog = 0;
		};
		FE3CDD10CD3174E26106C34C /* [CP] Copy Pods Resources */ = {
			isa = PBXShellScriptBuildPhase;
			buildActionMask = 2147483647;
			files = (
			);
			inputPaths = (
			);
			name = "[CP] Copy Pods Resources";
			outputPaths = (
			);
			runOnlyForDeploymentPostprocessing = 0;
			shellPath = /bin/sh;
			shellScript = "\"${SRCROOT}/Pods/Target Support Files/Pods-HomeHunt/Pods-HomeHunt-resources.sh\"\n";
			showEnvVarsInLog = 0;
		};
/* End PBXShellScriptBuildPhase section */

/* Begin PBXSourcesBuildPhase section */
		C831D04A1E8FE2D800429D83 /* Sources */ = {
			isa = PBXSourcesBuildPhase;
			buildActionMask = 2147483647;
			files = (
				C83A91691E91447C009FED12 /* AddsMasterViewController.swift in Sources */,
				C899B55A1E90DA5A00B7B748 /* AgentMappings.swift in Sources */,
				C82745401EAE77F40034AA37 /* AddAttributes.swift in Sources */,
				C88E7D7B1E8FFE5E00081A18 /* HttpRequesterDelegate.swift in Sources */,
				C83A915C1E911D88009FED12 /* BaseData.swift in Sources */,
				C803761E1E937902003A75FC /* ImageData.swift in Sources */,
				C899B5601E90DD9500B7B748 /* AgentsData.swift in Sources */,
				C88E7D691E8FECB400081A18 /* LoginViewController.swift in Sources */,
				C87BBE341E9428BC00C448A9 /* ReviewData.swift in Sources */,
				C82745421EAE7B7D0034AA37 /* AddAttributesMappings.swift in Sources */,
				C83A916B1E914610009FED12 /* AddDetailsViewController.swift in Sources */,
				C8FB49A11E97625700CB6ADA /* DateHelper.swift in Sources */,
				C83A916E1E91479A009FED12 /* AddTableViewCell.swift in Sources */,
				C87BBE321E94287400C448A9 /* ReviewDataDelegate.swift in Sources */,
				C83A915A1E911AB8009FED12 /* AgentDetailsViewController.swift in Sources */,
				C899B5641E90EA8600B7B748 /* ApiErrorMappings.swift in Sources */,
				C8F12D511E93F81800FDE497 /* CreateAppointmentViewController.swift in Sources */,
				C8F12D531E93FCFC00FDE497 /* AppointmentDataDelegate.swift in Sources */,
				C899B5561E90D80A00B7B748 /* AgentsMasterViewController.swift in Sources */,
				C8F868F31EAD355200A55EB2 /* DirectionHelper.swift in Sources */,
				C899B5621E90E9DF00B7B748 /* ApiError.swift in Sources */,
				C83A91601E9130D7009FED12 /* Add.swift in Sources */,
				C803761C1E937138003A75FC /* ImageWithLoadingView.swift in Sources */,
				C8F12D551E93FD4E00FDE497 /* AppointmentData.swift in Sources */,
				C87BBE381E9429C000C448A9 /* ReviewMappings.swift in Sources */,
				C8F12D5B1E940AD300FDE497 /* AppointmentsMasterViewController.swift in Sources */,
				C87BBE2C1E94161500C448A9 /* AppointmentDetailsViewController.swift in Sources */,
				C88E7D7D1E8FFEAD00081A18 /* HttpCRUDMethod.swift in Sources */,
				C899B5521E90D04F00B7B748 /* ApiAuthenticationExtension.swift in Sources */,
				C8E7326B1E9174D7001C1753 /* StatusColorHelper.swift in Sources */,
				C88E7D8C1E9010E800081A18 /* DiConfig.swift in Sources */,
				C88E7D751E8FFD6300081A18 /* UserMappings.swift in Sources */,
				C88E7D6D1E8FF7D100081A18 /* RegisterViewController.swift in Sources */,
				C8EA07EE1E90BFEB00D0535B /* UIViewExtension.swift in Sources */,
				C83A91621E9132B8009FED12 /* AddMappings.swift in Sources */,
				C88E7D8A1E900C1200081A18 /* UsersDataIdentifiers.swift in Sources */,
				C80376201E9381CB003A75FC /* ImageDataDelegate.swift in Sources */,
				C83A91641E914312009FED12 /* AddDataDelegate.swift in Sources */,
				C88E7D721E8FFCAB00081A18 /* User.swift in Sources */,
				C88E7D7F1E8FFED400081A18 /* HttpRequester.swift in Sources */,
				C83A91661E91435F009FED12 /* AddData.swift in Sources */,
				C831D05A1E8FE2D800429D83 /* HomeHunt.xcdatamodeld in Sources */,
				C8F12D571E93FDD900FDE497 /* Appointment.swift in Sources */,
				C8F12D591E93FEE800FDE497 /* AppointmentMappings.swift in Sources */,
				C88E7D791E8FFE3100081A18 /* HttpRequesterBase.swift in Sources */,
				C899B5581E90D8B100B7B748 /* Agent.swift in Sources */,
				C831D0521E8FE2D800429D83 /* AppDelegate.swift in Sources */,
				C83A91571E90FF93009FED12 /* AgentTableViewCell.swift in Sources */,
				C88E7D851E90021700081A18 /* UsersData.swift in Sources */,
				C87BBE361E94290800C448A9 /* Review.swift in Sources */,
				C87BBE301E94243600C448A9 /* SubmitReviewViewController.swift in Sources */,
				C88E7D6B1E8FEEC000081A18 /* HomeViewController.swift in Sources */,
				C899B55C1E90DCD300B7B748 /* AgentsDatadelegate.swift in Sources */,
				C88E7D871E90036400081A18 /* UsersDataDelegate.swift in Sources */,
			);
			runOnlyForDeploymentPostprocessing = 0;
		};
/* End PBXSourcesBuildPhase section */

/* Begin PBXVariantGroup section */
		C831D0551E8FE2D800429D83 /* Main.storyboard */ = {
			isa = PBXVariantGroup;
			children = (
				C831D0561E8FE2D800429D83 /* Base */,
			);
			name = Main.storyboard;
			sourceTree = "<group>";
		};
		C831D05D1E8FE2D800429D83 /* LaunchScreen.storyboard */ = {
			isa = PBXVariantGroup;
			children = (
				C831D05E1E8FE2D800429D83 /* Base */,
			);
			name = LaunchScreen.storyboard;
			sourceTree = "<group>";
		};
/* End PBXVariantGroup section */

/* Begin XCBuildConfiguration section */
		C831D0611E8FE2D800429D83 /* Debug */ = {
			isa = XCBuildConfiguration;
			buildSettings = {
				ALWAYS_SEARCH_USER_PATHS = NO;
				CLANG_ANALYZER_NONNULL = YES;
				CLANG_CXX_LANGUAGE_STANDARD = "gnu++0x";
				CLANG_CXX_LIBRARY = "libc++";
				CLANG_ENABLE_MODULES = YES;
				CLANG_ENABLE_OBJC_ARC = YES;
				CLANG_WARN_BOOL_CONVERSION = YES;
				CLANG_WARN_CONSTANT_CONVERSION = YES;
				CLANG_WARN_DIRECT_OBJC_ISA_USAGE = YES_ERROR;
				CLANG_WARN_DOCUMENTATION_COMMENTS = YES;
				CLANG_WARN_EMPTY_BODY = YES;
				CLANG_WARN_ENUM_CONVERSION = YES;
				CLANG_WARN_INFINITE_RECURSION = YES;
				CLANG_WARN_INT_CONVERSION = YES;
				CLANG_WARN_OBJC_ROOT_CLASS = YES_ERROR;
				CLANG_WARN_SUSPICIOUS_MOVE = YES;
				CLANG_WARN_UNREACHABLE_CODE = YES;
				CLANG_WARN__DUPLICATE_METHOD_MATCH = YES;
				"CODE_SIGN_IDENTITY[sdk=iphoneos*]" = "iPhone Developer";
				COPY_PHASE_STRIP = NO;
				DEBUG_INFORMATION_FORMAT = dwarf;
				ENABLE_STRICT_OBJC_MSGSEND = YES;
				ENABLE_TESTABILITY = YES;
				GCC_C_LANGUAGE_STANDARD = gnu99;
				GCC_DYNAMIC_NO_PIC = NO;
				GCC_NO_COMMON_BLOCKS = YES;
				GCC_OPTIMIZATION_LEVEL = 0;
				GCC_PREPROCESSOR_DEFINITIONS = (
					"DEBUG=1",
					"$(inherited)",
				);
				GCC_WARN_64_TO_32_BIT_CONVERSION = YES;
				GCC_WARN_ABOUT_RETURN_TYPE = YES_ERROR;
				GCC_WARN_UNDECLARED_SELECTOR = YES;
				GCC_WARN_UNINITIALIZED_AUTOS = YES_AGGRESSIVE;
				GCC_WARN_UNUSED_FUNCTION = YES;
				GCC_WARN_UNUSED_VARIABLE = YES;
				IPHONEOS_DEPLOYMENT_TARGET = 10.2;
				MTL_ENABLE_DEBUG_INFO = YES;
				ONLY_ACTIVE_ARCH = YES;
				SDKROOT = iphoneos;
				SWIFT_ACTIVE_COMPILATION_CONDITIONS = DEBUG;
				SWIFT_OPTIMIZATION_LEVEL = "-Onone";
				TARGETED_DEVICE_FAMILY = "1,2";
			};
			name = Debug;
		};
		C831D0621E8FE2D800429D83 /* Release */ = {
			isa = XCBuildConfiguration;
			buildSettings = {
				ALWAYS_SEARCH_USER_PATHS = NO;
				CLANG_ANALYZER_NONNULL = YES;
				CLANG_CXX_LANGUAGE_STANDARD = "gnu++0x";
				CLANG_CXX_LIBRARY = "libc++";
				CLANG_ENABLE_MODULES = YES;
				CLANG_ENABLE_OBJC_ARC = YES;
				CLANG_WARN_BOOL_CONVERSION = YES;
				CLANG_WARN_CONSTANT_CONVERSION = YES;
				CLANG_WARN_DIRECT_OBJC_ISA_USAGE = YES_ERROR;
				CLANG_WARN_DOCUMENTATION_COMMENTS = YES;
				CLANG_WARN_EMPTY_BODY = YES;
				CLANG_WARN_ENUM_CONVERSION = YES;
				CLANG_WARN_INFINITE_RECURSION = YES;
				CLANG_WARN_INT_CONVERSION = YES;
				CLANG_WARN_OBJC_ROOT_CLASS = YES_ERROR;
				CLANG_WARN_SUSPICIOUS_MOVE = YES;
				CLANG_WARN_UNREACHABLE_CODE = YES;
				CLANG_WARN__DUPLICATE_METHOD_MATCH = YES;
				"CODE_SIGN_IDENTITY[sdk=iphoneos*]" = "iPhone Developer";
				COPY_PHASE_STRIP = NO;
				DEBUG_INFORMATION_FORMAT = "dwarf-with-dsym";
				ENABLE_NS_ASSERTIONS = NO;
				ENABLE_STRICT_OBJC_MSGSEND = YES;
				GCC_C_LANGUAGE_STANDARD = gnu99;
				GCC_NO_COMMON_BLOCKS = YES;
				GCC_WARN_64_TO_32_BIT_CONVERSION = YES;
				GCC_WARN_ABOUT_RETURN_TYPE = YES_ERROR;
				GCC_WARN_UNDECLARED_SELECTOR = YES;
				GCC_WARN_UNINITIALIZED_AUTOS = YES_AGGRESSIVE;
				GCC_WARN_UNUSED_FUNCTION = YES;
				GCC_WARN_UNUSED_VARIABLE = YES;
				IPHONEOS_DEPLOYMENT_TARGET = 10.2;
				MTL_ENABLE_DEBUG_INFO = NO;
				SDKROOT = iphoneos;
				SWIFT_OPTIMIZATION_LEVEL = "-Owholemodule";
				TARGETED_DEVICE_FAMILY = "1,2";
				VALIDATE_PRODUCT = YES;
			};
			name = Release;
		};
		C831D0641E8FE2D800429D83 /* Debug */ = {
			isa = XCBuildConfiguration;
			baseConfigurationReference = D775CCBFCC71051DD6C097BC /* Pods-HomeHunt.debug.xcconfig */;
			buildSettings = {
				ASSETCATALOG_COMPILER_APPICON_NAME = AppIcon;
				DEVELOPMENT_TEAM = E83YJ5RCHK;
				INFOPLIST_FILE = HomeHunt/Info.plist;
				LD_RUNPATH_SEARCH_PATHS = "$(inherited) @executable_path/Frameworks";
				PRODUCT_BUNDLE_IDENTIFIER = SP.HomeHunt;
				PRODUCT_NAME = "$(TARGET_NAME)";
				SWIFT_VERSION = 3.0;
				TARGETED_DEVICE_FAMILY = 1;
			};
			name = Debug;
		};
		C831D0651E8FE2D800429D83 /* Release */ = {
			isa = XCBuildConfiguration;
			baseConfigurationReference = 3CDA4CCBE4FCD90C2A15AD17 /* Pods-HomeHunt.release.xcconfig */;
			buildSettings = {
				ASSETCATALOG_COMPILER_APPICON_NAME = AppIcon;
				DEVELOPMENT_TEAM = E83YJ5RCHK;
				INFOPLIST_FILE = HomeHunt/Info.plist;
				LD_RUNPATH_SEARCH_PATHS = "$(inherited) @executable_path/Frameworks";
				PRODUCT_BUNDLE_IDENTIFIER = SP.HomeHunt;
				PRODUCT_NAME = "$(TARGET_NAME)";
				SWIFT_VERSION = 3.0;
				TARGETED_DEVICE_FAMILY = 1;
			};
			name = Release;
		};
/* End XCBuildConfiguration section */

/* Begin XCConfigurationList section */
		C831D0491E8FE2D800429D83 /* Build configuration list for PBXProject "HomeHunt" */ = {
			isa = XCConfigurationList;
			buildConfigurations = (
				C831D0611E8FE2D800429D83 /* Debug */,
				C831D0621E8FE2D800429D83 /* Release */,
			);
			defaultConfigurationIsVisible = 0;
			defaultConfigurationName = Release;
		};
		C831D0631E8FE2D800429D83 /* Build configuration list for PBXNativeTarget "HomeHunt" */ = {
			isa = XCConfigurationList;
			buildConfigurations = (
				C831D0641E8FE2D800429D83 /* Debug */,
				C831D0651E8FE2D800429D83 /* Release */,
			);
			defaultConfigurationIsVisible = 0;
			defaultConfigurationName = Release;
		};
/* End XCConfigurationList section */

/* Begin XCVersionGroup section */
		C831D0581E8FE2D800429D83 /* HomeHunt.xcdatamodeld */ = {
			isa = XCVersionGroup;
			children = (
				C831D0591E8FE2D800429D83 /* HomeHunt.xcdatamodel */,
			);
			currentVersion = C831D0591E8FE2D800429D83 /* HomeHunt.xcdatamodel */;
			path = HomeHunt.xcdatamodeld;
			sourceTree = "<group>";
			versionGroupType = wrapper.xcdatamodel;
		};
/* End XCVersionGroup section */
	};
	rootObject = C831D0461E8FE2D800429D83 /* Project object */;
}
